// !$*UTF8*$!
{
	archiveVersion = 1;
	classes = {
	};
	objectVersion = 56;
	objects = {

/* Begin PBXBuildFile section */
		CE5009852E21756900AFDAC5 /* SessionManager.swift in Sources */ = {isa = PBXBuildFile; fileRef = CE5009842E21756900AFDAC5 /* SessionManager.swift */; };
		CE5009872E2178EB00AFDAC5 /* WorkoutManager.swift in Sources */ = {isa = PBXBuildFile; fileRef = CE5009862E2178EB00AFDAC5 /* WorkoutManager.swift */; };
		CE84C6582E1FE46200F25FCE /* FractalSignalGenerator.swift in Sources */ = {isa = PBXBuildFile; fileRef = CE84C6562E1FE46200F25FCE /* FractalSignalGenerator.swift */; };
		CE84C6592E1FE46200F25FCE /* FractalSignalGenerator.swift in Sources */ = {isa = PBXBuildFile; fileRef = CE84C6562E1FE46200F25FCE /* FractalSignalGenerator.swift */; };
		CEAD61292E1C66350083F94D /* RhythmHapticsApp.swift in Sources */ = {isa = PBXBuildFile; fileRef = CEAD61282E1C66350083F94D /* RhythmHapticsApp.swift */; };
		CEAD612B2E1C66350083F94D /* ContentView.swift in Sources */ = {isa = PBXBuildFile; fileRef = CEAD612A2E1C66350083F94D /* ContentView.swift */; };
		CEAD612D2E1C66360083F94D /* Assets.xcassets in Resources */ = {isa = PBXBuildFile; fileRef = CEAD612C2E1C66360083F94D /* Assets.xcassets */; };
		CEAD61302E1C66360083F94D /* Preview Assets.xcassets in Resources */ = {isa = PBXBuildFile; fileRef = CEAD612F2E1C66360083F94D /* Preview Assets.xcassets */; };
		CEAD613D2E1C66670083F94D /* RhythmHapticsWatchApp.swift in Sources */ = {isa = PBXBuildFile; fileRef = CEAD613C2E1C66670083F94D /* RhythmHapticsWatchApp.swift */; };
		CEAD613F2E1C66670083F94D /* ContentView.swift in Sources */ = {isa = PBXBuildFile; fileRef = CEAD613E2E1C66670083F94D /* ContentView.swift */; };
		CEAD61412E1C66680083F94D /* Assets.xcassets in Resources */ = {isa = PBXBuildFile; fileRef = CEAD61402E1C66680083F94D /* Assets.xcassets */; };
		CEAD61442E1C66680083F94D /* Preview Assets.xcassets in Resources */ = {isa = PBXBuildFile; fileRef = CEAD61432E1C66680083F94D /* Preview Assets.xcassets */; };
		CEAD61472E1C66680083F94D /* RhythmHapticsWatch Watch App.app in Embed Watch Content */ = {isa = PBXBuildFile; fileRef = CEAD613A2E1C66670083F94D /* RhythmHapticsWatch Watch App.app */; settings = {ATTRIBUTES = (RemoveHeadersOnCopy, ); }; };
/* End PBXBuildFile section */

/* Begin PBXContainerItemProxy section */
		CEAD61452E1C66680083F94D /* PBXContainerItemProxy */ = {
			isa = PBXContainerItemProxy;
			containerPortal = CEAD611D2E1C66350083F94D /* Project object */;
			proxyType = 1;
			remoteGlobalIDString = CEAD61392E1C66670083F94D;
			remoteInfo = "RhythmHapticsWatch Watch App";
		};
/* End PBXContainerItemProxy section */

/* Begin PBXCopyFilesBuildPhase section */
		CEAD614B2E1C66680083F94D /* Embed Watch Content */ = {
			isa = PBXCopyFilesBuildPhase;
			buildActionMask = 2147483647;
			dstPath = "$(CONTENTS_FOLDER_PATH)/Watch";
			dstSubfolderSpec = 16;
			files = (
				CEAD61472E1C66680083F94D /* RhythmHapticsWatch Watch App.app in Embed Watch Content */,
			);
			name = "Embed Watch Content";
			runOnlyForDeploymentPostprocessing = 0;
		};
/* End PBXCopyFilesBuildPhase section */

/* Begin PBXFileReference section */
		CE5009842E21756900AFDAC5 /* SessionManager.swift */ = {isa = PBXFileReference; lastKnownFileType = sourcecode.swift; path = SessionManager.swift; sourceTree = "<group>"; };
		CE5009862E2178EB00AFDAC5 /* WorkoutManager.swift */ = {isa = PBXFileReference; lastKnownFileType = sourcecode.swift; path = WorkoutManager.swift; sourceTree = "<group>"; };
		CE5009882E217CBC00AFDAC5 /* RhythmHapticsWatch Watch App.entitlements */ = {isa = PBXFileReference; lastKnownFileType = text.plist.entitlements; path = "RhythmHapticsWatch Watch App.entitlements"; sourceTree = "<group>"; };
		CE84C6562E1FE46200F25FCE /* FractalSignalGenerator.swift */ = {isa = PBXFileReference; lastKnownFileType = sourcecode.swift; path = FractalSignalGenerator.swift; sourceTree = "<group>"; };
		CEAD61252E1C66350083F94D /* RhythmHaptics.app */ = {isa = PBXFileReference; explicitFileType = wrapper.application; includeInIndex = 0; path = RhythmHaptics.app; sourceTree = BUILT_PRODUCTS_DIR; };
		CEAD61282E1C66350083F94D /* RhythmHapticsApp.swift */ = {isa = PBXFileReference; lastKnownFileType = sourcecode.swift; path = RhythmHapticsApp.swift; sourceTree = "<group>"; };
		CEAD612A2E1C66350083F94D /* ContentView.swift */ = {isa = PBXFileReference; lastKnownFileType = sourcecode.swift; path = ContentView.swift; sourceTree = "<group>"; };
		CEAD612C2E1C66360083F94D /* Assets.xcassets */ = {isa = PBXFileReference; lastKnownFileType = folder.assetcatalog; path = Assets.xcassets; sourceTree = "<group>"; };
		CEAD612F2E1C66360083F94D /* Preview Assets.xcassets */ = {isa = PBXFileReference; lastKnownFileType = folder.assetcatalog; path = "Preview Assets.xcassets"; sourceTree = "<group>"; };
		CEAD613A2E1C66670083F94D /* RhythmHapticsWatch Watch App.app */ = {isa = PBXFileReference; explicitFileType = wrapper.application; includeInIndex = 0; path = "RhythmHapticsWatch Watch App.app"; sourceTree = BUILT_PRODUCTS_DIR; };
		CEAD613C2E1C66670083F94D /* RhythmHapticsWatchApp.swift */ = {isa = PBXFileReference; lastKnownFileType = sourcecode.swift; path = RhythmHapticsWatchApp.swift; sourceTree = "<group>"; };
		CEAD613E2E1C66670083F94D /* ContentView.swift */ = {isa = PBXFileReference; lastKnownFileType = sourcecode.swift; path = ContentView.swift; sourceTree = "<group>"; };
		CEAD61402E1C66680083F94D /* Assets.xcassets */ = {isa = PBXFileReference; lastKnownFileType = folder.assetcatalog; path = Assets.xcassets; sourceTree = "<group>"; };
		CEAD61432E1C66680083F94D /* Preview Assets.xcassets */ = {isa = PBXFileReference; lastKnownFileType = folder.assetcatalog; path = "Preview Assets.xcassets"; sourceTree = "<group>"; };
/* End PBXFileReference section */

/* Begin PBXFrameworksBuildPhase section */
		CEAD61222E1C66350083F94D /* Frameworks */ = {
			isa = PBXFrameworksBuildPhase;
			buildActionMask = 2147483647;
			files = (
			);
			runOnlyForDeploymentPostprocessing = 0;
		};
		CEAD61372E1C66670083F94D /* Frameworks */ = {
			isa = PBXFrameworksBuildPhase;
			buildActionMask = 2147483647;
			files = (
			);
			runOnlyForDeploymentPostprocessing = 0;
		};
/* End PBXFrameworksBuildPhase section */

/* Begin PBXGroup section */
		CE84C6572E1FE46200F25FCE /* Shared */ = {
			isa = PBXGroup;
			children = (
				CE84C6562E1FE46200F25FCE /* FractalSignalGenerator.swift */,
			);
			path = Shared;
			sourceTree = "<group>";
		};
		CEAD611C2E1C66350083F94D = {
			isa = PBXGroup;
			children = (
				CEAD61272E1C66350083F94D /* RhythmHaptics */,
				CEAD613B2E1C66670083F94D /* RhythmHapticsWatch Watch App */,
				CEAD61262E1C66350083F94D /* Products */,
			);
			sourceTree = "<group>";
		};
		CEAD61262E1C66350083F94D /* Products */ = {
			isa = PBXGroup;
			children = (
				CEAD61252E1C66350083F94D /* RhythmHaptics.app */,
				CEAD613A2E1C66670083F94D /* RhythmHapticsWatch Watch App.app */,
			);
			name = Products;
			sourceTree = "<group>";
		};
		CEAD61272E1C66350083F94D /* RhythmHaptics */ = {
			isa = PBXGroup;
			children = (
				CE84C6572E1FE46200F25FCE /* Shared */,
				CEAD61282E1C66350083F94D /* RhythmHapticsApp.swift */,
				CEAD612A2E1C66350083F94D /* ContentView.swift */,
				CEAD612C2E1C66360083F94D /* Assets.xcassets */,
				CEAD612E2E1C66360083F94D /* Preview Content */,
			);
			path = RhythmHaptics;
			sourceTree = "<group>";
		};
		CEAD612E2E1C66360083F94D /* Preview Content */ = {
			isa = PBXGroup;
			children = (
				CEAD612F2E1C66360083F94D /* Preview Assets.xcassets */,
			);
			path = "Preview Content";
			sourceTree = "<group>";
		};
		CEAD613B2E1C66670083F94D /* RhythmHapticsWatch Watch App */ = {
			isa = PBXGroup;
			children = (
				CE5009882E217CBC00AFDAC5 /* RhythmHapticsWatch Watch App.entitlements */,
				CE5009862E2178EB00AFDAC5 /* WorkoutManager.swift */,
				CE5009842E21756900AFDAC5 /* SessionManager.swift */,
				CEAD613C2E1C66670083F94D /* RhythmHapticsWatchApp.swift */,
				CEAD613E2E1C66670083F94D /* ContentView.swift */,
				CEAD61402E1C66680083F94D /* Assets.xcassets */,
				CEAD61422E1C66680083F94D /* Preview Content */,
			);
			path = "RhythmHapticsWatch Watch App";
			sourceTree = "<group>";
		};
		CEAD61422E1C66680083F94D /* Preview Content */ = {
			isa = PBXGroup;
			children = (
				CEAD61432E1C66680083F94D /* Preview Assets.xcassets */,
			);
			path = "Preview Content";
			sourceTree = "<group>";
		};
/* End PBXGroup section */

/* Begin PBXNativeTarget section */
		CEAD61242E1C66350083F94D /* RhythmHaptics */ = {
			isa = PBXNativeTarget;
			buildConfigurationList = CEAD61332E1C66360083F94D /* Build configuration list for PBXNativeTarget "RhythmHaptics" */;
			buildPhases = (
				CEAD61212E1C66350083F94D /* Sources */,
				CEAD61222E1C66350083F94D /* Frameworks */,
				CEAD61232E1C66350083F94D /* Resources */,
				CEAD614B2E1C66680083F94D /* Embed Watch Content */,
			);
			buildRules = (
			);
			dependencies = (
				CEAD61462E1C66680083F94D /* PBXTargetDependency */,
			);
			name = RhythmHaptics;
			productName = RhythmHaptics;
			productReference = CEAD61252E1C66350083F94D /* RhythmHaptics.app */;
			productType = "com.apple.product-type.application";
		};
		CEAD61392E1C66670083F94D /* RhythmHapticsWatch Watch App */ = {
			isa = PBXNativeTarget;
			buildConfigurationList = CEAD61482E1C66680083F94D /* Build configuration list for PBXNativeTarget "RhythmHapticsWatch Watch App" */;
			buildPhases = (
				CEAD61362E1C66670083F94D /* Sources */,
				CEAD61372E1C66670083F94D /* Frameworks */,
				CEAD61382E1C66670083F94D /* Resources */,
			);
			buildRules = (
			);
			dependencies = (
			);
			name = "RhythmHapticsWatch Watch App";
			productName = "RhythmHapticsWatch Watch App";
			productReference = CEAD613A2E1C66670083F94D /* RhythmHapticsWatch Watch App.app */;
			productType = "com.apple.product-type.application";
		};
/* End PBXNativeTarget section */

/* Begin PBXProject section */
		CEAD611D2E1C66350083F94D /* Project object */ = {
			isa = PBXProject;
			attributes = {
				BuildIndependentTargetsInParallel = 1;
				LastSwiftUpdateCheck = 1500;
				LastUpgradeCheck = 1500;
				TargetAttributes = {
					CEAD61242E1C66350083F94D = {
						CreatedOnToolsVersion = 15.0;
					};
					CEAD61392E1C66670083F94D = {
						CreatedOnToolsVersion = 15.0;
					};
				};
			};
			buildConfigurationList = CEAD61202E1C66350083F94D /* Build configuration list for PBXProject "RhythmHaptics" */;
			compatibilityVersion = "Xcode 14.0";
			developmentRegion = en;
			hasScannedForEncodings = 0;
			knownRegions = (
				en,
				Base,
			);
			mainGroup = CEAD611C2E1C66350083F94D;
			productRefGroup = CEAD61262E1C66350083F94D /* Products */;
			projectDirPath = "";
			projectRoot = "";
			targets = (
				CEAD61242E1C66350083F94D /* RhythmHaptics */,
				CEAD61392E1C66670083F94D /* RhythmHapticsWatch Watch App */,
			);
		};
/* End PBXProject section */

/* Begin PBXResourcesBuildPhase section */
		CEAD61232E1C66350083F94D /* Resources */ = {
			isa = PBXResourcesBuildPhase;
			buildActionMask = 2147483647;
			files = (
				CEAD61302E1C66360083F94D /* Preview Assets.xcassets in Resources */,
				CEAD612D2E1C66360083F94D /* Assets.xcassets in Resources */,
			);
			runOnlyForDeploymentPostprocessing = 0;
		};
		CEAD61382E1C66670083F94D /* Resources */ = {
			isa = PBXResourcesBuildPhase;
			buildActionMask = 2147483647;
			files = (
				CEAD61442E1C66680083F94D /* Preview Assets.xcassets in Resources */,
				CEAD61412E1C66680083F94D /* Assets.xcassets in Resources */,
			);
			runOnlyForDeploymentPostprocessing = 0;
		};
/* End PBXResourcesBuildPhase section */

/* Begin PBXSourcesBuildPhase section */
		CEAD61212E1C66350083F94D /* Sources */ = {
			isa = PBXSourcesBuildPhase;
			buildActionMask = 2147483647;
			files = (
				CE84C6582E1FE46200F25FCE /* FractalSignalGenerator.swift in Sources */,
				CEAD612B2E1C66350083F94D /* ContentView.swift in Sources */,
				CEAD61292E1C66350083F94D /* RhythmHapticsApp.swift in Sources */,
			);
			runOnlyForDeploymentPostprocessing = 0;
		};
		CEAD61362E1C66670083F94D /* Sources */ = {
			isa = PBXSourcesBuildPhase;
			buildActionMask = 2147483647;
			files = (
				CE84C6592E1FE46200F25FCE /* FractalSignalGenerator.swift in Sources */,
				CEAD613F2E1C66670083F94D /* ContentView.swift in Sources */,
				CE5009872E2178EB00AFDAC5 /* WorkoutManager.swift in Sources */,
				CE5009852E21756900AFDAC5 /* SessionManager.swift in Sources */,
				CEAD613D2E1C66670083F94D /* RhythmHapticsWatchApp.swift in Sources */,
			);
			runOnlyForDeploymentPostprocessing = 0;
		};
/* End PBXSourcesBuildPhase section */

/* Begin PBXTargetDependency section */
		CEAD61462E1C66680083F94D /* PBXTargetDependency */ = {
			isa = PBXTargetDependency;
			target = CEAD61392E1C66670083F94D /* RhythmHapticsWatch Watch App */;
			targetProxy = CEAD61452E1C66680083F94D /* PBXContainerItemProxy */;
		};
/* End PBXTargetDependency section */

/* Begin XCBuildConfiguration section */
		CEAD61312E1C66360083F94D /* Debug */ = {
			isa = XCBuildConfiguration;
			buildSettings = {
				ALWAYS_SEARCH_USER_PATHS = NO;
				ASSETCATALOG_COMPILER_GENERATE_SWIFT_ASSET_SYMBOL_EXTENSIONS = YES;
				CLANG_ANALYZER_NONNULL = YES;
				CLANG_ANALYZER_NUMBER_OBJECT_CONVERSION = YES_AGGRESSIVE;
				CLANG_CXX_LANGUAGE_STANDARD = "gnu++20";
				CLANG_ENABLE_MODULES = YES;
				CLANG_ENABLE_OBJC_ARC = YES;
				CLANG_ENABLE_OBJC_WEAK = YES;
				CLANG_WARN_BLOCK_CAPTURE_AUTORELEASING = YES;
				CLANG_WARN_BOOL_CONVERSION = YES;
				CLANG_WARN_COMMA = YES;
				CLANG_WARN_CONSTANT_CONVERSION = YES;
				CLANG_WARN_DEPRECATED_OBJC_IMPLEMENTATIONS = YES;
				CLANG_WARN_DIRECT_OBJC_ISA_USAGE = YES_ERROR;
				CLANG_WARN_DOCUMENTATION_COMMENTS = YES;
				CLANG_WARN_EMPTY_BODY = YES;
				CLANG_WARN_ENUM_CONVERSION = YES;
				CLANG_WARN_INFINITE_RECURSION = YES;
				CLANG_WARN_INT_CONVERSION = YES;
				CLANG_WARN_NON_LITERAL_NULL_CONVERSION = YES;
				CLANG_WARN_OBJC_IMPLICIT_RETAIN_SELF = YES;
				CLANG_WARN_OBJC_LITERAL_CONVERSION = YES;
				CLANG_WARN_OBJC_ROOT_CLASS = YES_ERROR;
				CLANG_WARN_QUOTED_INCLUDE_IN_FRAMEWORK_HEADER = YES;
				CLANG_WARN_RANGE_LOOP_ANALYSIS = YES;
				CLANG_WARN_STRICT_PROTOTYPES = YES;
				CLANG_WARN_SUSPICIOUS_MOVE = YES;
				CLANG_WARN_UNGUARDED_AVAILABILITY = YES_AGGRESSIVE;
				CLANG_WARN_UNREACHABLE_CODE = YES;
				CLANG_WARN__DUPLICATE_METHOD_MATCH = YES;
				COPY_PHASE_STRIP = NO;
				DEBUG_INFORMATION_FORMAT = dwarf;
				ENABLE_STRICT_OBJC_MSGSEND = YES;
				ENABLE_TESTABILITY = YES;
				ENABLE_USER_SCRIPT_SANDBOXING = YES;
				GCC_C_LANGUAGE_STANDARD = gnu17;
				GCC_DYNAMIC_NO_PIC = NO;
				GCC_NO_COMMON_BLOCKS = YES;
				GCC_OPTIMIZATION_LEVEL = 0;
				GCC_PREPROCESSOR_DEFINITIONS = (
					"DEBUG=1",
					"$(inherited)",
				);
				GCC_WARN_64_TO_32_BIT_CONVERSION = YES;
				GCC_WARN_ABOUT_RETURN_TYPE = YES_ERROR;
				GCC_WARN_UNDECLARED_SELECTOR = YES;
				GCC_WARN_UNINITIALIZED_AUTOS = YES_AGGRESSIVE;
				GCC_WARN_UNUSED_FUNCTION = YES;
				GCC_WARN_UNUSED_VARIABLE = YES;
				IPHONEOS_DEPLOYMENT_TARGET = 17.0;
				LOCALIZATION_PREFERS_STRING_CATALOGS = YES;
				MTL_ENABLE_DEBUG_INFO = INCLUDE_SOURCE;
				MTL_FAST_MATH = YES;
				ONLY_ACTIVE_ARCH = YES;
				SDKROOT = iphoneos;
				SWIFT_ACTIVE_COMPILATION_CONDITIONS = "DEBUG $(inherited)";
				SWIFT_OPTIMIZATION_LEVEL = "-Onone";
			};
			name = Debug;
		};
		CEAD61322E1C66360083F94D /* Release */ = {
			isa = XCBuildConfiguration;
			buildSettings = {
				ALWAYS_SEARCH_USER_PATHS = NO;
				ASSETCATALOG_COMPILER_GENERATE_SWIFT_ASSET_SYMBOL_EXTENSIONS = YES;
				CLANG_ANALYZER_NONNULL = YES;
				CLANG_ANALYZER_NUMBER_OBJECT_CONVERSION = YES_AGGRESSIVE;
				CLANG_CXX_LANGUAGE_STANDARD = "gnu++20";
				CLANG_ENABLE_MODULES = YES;
				CLANG_ENABLE_OBJC_ARC = YES;
				CLANG_ENABLE_OBJC_WEAK = YES;
				CLANG_WARN_BLOCK_CAPTURE_AUTORELEASING = YES;
				CLANG_WARN_BOOL_CONVERSION = YES;
				CLANG_WARN_COMMA = YES;
				CLANG_WARN_CONSTANT_CONVERSION = YES;
				CLANG_WARN_DEPRECATED_OBJC_IMPLEMENTATIONS = YES;
				CLANG_WARN_DIRECT_OBJC_ISA_USAGE = YES_ERROR;
				CLANG_WARN_DOCUMENTATION_COMMENTS = YES;
				CLANG_WARN_EMPTY_BODY = YES;
				CLANG_WARN_ENUM_CONVERSION = YES;
				CLANG_WARN_INFINITE_RECURSION = YES;
				CLANG_WARN_INT_CONVERSION = YES;
				CLANG_WARN_NON_LITERAL_NULL_CONVERSION = YES;
				CLANG_WARN_OBJC_IMPLICIT_RETAIN_SELF = YES;
				CLANG_WARN_OBJC_LITERAL_CONVERSION = YES;
				CLANG_WARN_OBJC_ROOT_CLASS = YES_ERROR;
				CLANG_WARN_QUOTED_INCLUDE_IN_FRAMEWORK_HEADER = YES;
				CLANG_WARN_RANGE_LOOP_ANALYSIS = YES;
				CLANG_WARN_STRICT_PROTOTYPES = YES;
				CLANG_WARN_SUSPICIOUS_MOVE = YES;
				CLANG_WARN_UNGUARDED_AVAILABILITY = YES_AGGRESSIVE;
				CLANG_WARN_UNREACHABLE_CODE = YES;
				CLANG_WARN__DUPLICATE_METHOD_MATCH = YES;
				COPY_PHASE_STRIP = NO;
				DEBUG_INFORMATION_FORMAT = "dwarf-with-dsym";
				ENABLE_NS_ASSERTIONS = NO;
				ENABLE_STRICT_OBJC_MSGSEND = YES;
				ENABLE_USER_SCRIPT_SANDBOXING = YES;
				GCC_C_LANGUAGE_STANDARD = gnu17;
				GCC_NO_COMMON_BLOCKS = YES;
				GCC_WARN_64_TO_32_BIT_CONVERSION = YES;
				GCC_WARN_ABOUT_RETURN_TYPE = YES_ERROR;
				GCC_WARN_UNDECLARED_SELECTOR = YES;
				GCC_WARN_UNINITIALIZED_AUTOS = YES_AGGRESSIVE;
				GCC_WARN_UNUSED_FUNCTION = YES;
				GCC_WARN_UNUSED_VARIABLE = YES;
				IPHONEOS_DEPLOYMENT_TARGET = 17.0;
				LOCALIZATION_PREFERS_STRING_CATALOGS = YES;
				MTL_ENABLE_DEBUG_INFO = NO;
				MTL_FAST_MATH = YES;
				SDKROOT = iphoneos;
				SWIFT_COMPILATION_MODE = wholemodule;
				VALIDATE_PRODUCT = YES;
			};
			name = Release;
		};
		CEAD61342E1C66360083F94D /* Debug */ = {
			isa = XCBuildConfiguration;
			buildSettings = {
				ALWAYS_EMBED_SWIFT_STANDARD_LIBRARIES = YES;
				ASSETCATALOG_COMPILER_APPICON_NAME = AppIcon;
				ASSETCATALOG_COMPILER_GLOBAL_ACCENT_COLOR_NAME = AccentColor;
				CODE_SIGN_STYLE = Automatic;
				CURRENT_PROJECT_VERSION = 1;
				DEVELOPMENT_ASSET_PATHS = "\"RhythmHaptics/Preview Content\"";
				DEVELOPMENT_TEAM = 23275M22RH;
				ENABLE_PREVIEWS = YES;
				GENERATE_INFOPLIST_FILE = YES;
				INFOPLIST_KEY_UIApplicationSceneManifest_Generation = YES;
				INFOPLIST_KEY_UIApplicationSupportsIndirectInputEvents = YES;
				INFOPLIST_KEY_UILaunchScreen_Generation = YES;
				INFOPLIST_KEY_UISupportedInterfaceOrientations_iPad = "UIInterfaceOrientationPortrait UIInterfaceOrientationPortraitUpsideDown UIInterfaceOrientationLandscapeLeft UIInterfaceOrientationLandscapeRight";
				INFOPLIST_KEY_UISupportedInterfaceOrientations_iPhone = "UIInterfaceOrientationPortrait UIInterfaceOrientationLandscapeLeft UIInterfaceOrientationLandscapeRight";
				LD_RUNPATH_SEARCH_PATHS = (
					"$(inherited)",
					"@executable_path/Frameworks",
				);
				MARKETING_VERSION = 1.0;
				PRODUCT_BUNDLE_IDENTIFIER = "Nodus-Labs.RhythmHaptics";
				PRODUCT_NAME = "$(TARGET_NAME)";
				SWIFT_EMIT_LOC_STRINGS = YES;
				SWIFT_VERSION = 5.0;
				TARGETED_DEVICE_FAMILY = "1,2";
			};
			name = Debug;
		};
		CEAD61352E1C66360083F94D /* Release */ = {
			isa = XCBuildConfiguration;
			buildSettings = {
				ALWAYS_EMBED_SWIFT_STANDARD_LIBRARIES = YES;
				ASSETCATALOG_COMPILER_APPICON_NAME = AppIcon;
				ASSETCATALOG_COMPILER_GLOBAL_ACCENT_COLOR_NAME = AccentColor;
				CODE_SIGN_STYLE = Automatic;
				CURRENT_PROJECT_VERSION = 1;
				DEVELOPMENT_ASSET_PATHS = "\"RhythmHaptics/Preview Content\"";
				DEVELOPMENT_TEAM = 23275M22RH;
				ENABLE_PREVIEWS = YES;
				GENERATE_INFOPLIST_FILE = YES;
				INFOPLIST_KEY_UIApplicationSceneManifest_Generation = YES;
				INFOPLIST_KEY_UIApplicationSupportsIndirectInputEvents = YES;
				INFOPLIST_KEY_UILaunchScreen_Generation = YES;
				INFOPLIST_KEY_UISupportedInterfaceOrientations_iPad = "UIInterfaceOrientationPortrait UIInterfaceOrientationPortraitUpsideDown UIInterfaceOrientationLandscapeLeft UIInterfaceOrientationLandscapeRight";
				INFOPLIST_KEY_UISupportedInterfaceOrientations_iPhone = "UIInterfaceOrientationPortrait UIInterfaceOrientationLandscapeLeft UIInterfaceOrientationLandscapeRight";
				LD_RUNPATH_SEARCH_PATHS = (
					"$(inherited)",
					"@executable_path/Frameworks",
				);
				MARKETING_VERSION = 1.0;
				PRODUCT_BUNDLE_IDENTIFIER = "Nodus-Labs.RhythmHaptics";
				PRODUCT_NAME = "$(TARGET_NAME)";
				SWIFT_EMIT_LOC_STRINGS = YES;
				SWIFT_VERSION = 5.0;
				TARGETED_DEVICE_FAMILY = "1,2";
			};
			name = Release;
		};
		CEAD61492E1C66680083F94D /* Debug */ = {
			isa = XCBuildConfiguration;
			buildSettings = {
				ASSETCATALOG_COMPILER_APPICON_NAME = AppIcon;
				ASSETCATALOG_COMPILER_GLOBAL_ACCENT_COLOR_NAME = AccentColor;
				CODE_SIGN_ENTITLEMENTS = "RhythmHapticsWatch Watch App/RhythmHapticsWatch Watch App.entitlements";
				CODE_SIGN_STYLE = Automatic;
				CURRENT_PROJECT_VERSION = 1;
				DEVELOPMENT_ASSET_PATHS = "\"RhythmHapticsWatch Watch App/Preview Content\"";
				DEVELOPMENT_TEAM = 23275M22RH;
				ENABLE_PREVIEWS = YES;
				GENERATE_INFOPLIST_FILE = YES;
				INFOPLIST_KEY_CFBundleDisplayName = RhythmHapticsWatch;
				INFOPLIST_KEY_NSHealthShareUsageDescription = "This app uses HealthKit to read workout data to enable always-on display and haptics.";
				INFOPLIST_KEY_NSHealthUpdateUsageDescription = "This app uses HealthKit to keep the screen on and enable haptic feedback during your session.";
				INFOPLIST_KEY_UISupportedInterfaceOrientations = "UIInterfaceOrientationPortrait UIInterfaceOrientationPortraitUpsideDown";
				INFOPLIST_KEY_WKCompanionAppBundleIdentifier = "Nodus-Labs.RhythmHaptics";
				INFOPLIST_KEY_WKRunsIndependentlyOfCompanionApp = YES;
				LD_RUNPATH_SEARCH_PATHS = (
					"$(inherited)",
					"@executable_path/Frameworks",
				);
				MARKETING_VERSION = 1.0;
				PRODUCT_BUNDLE_IDENTIFIER = "Nodus-Labs.RhythmHaptics.watchkitapp";
				PRODUCT_NAME = "$(TARGET_NAME)";
				SDKROOT = watchos;
				SKIP_INSTALL = YES;
				SWIFT_EMIT_LOC_STRINGS = YES;
				SWIFT_VERSION = 5.0;
				TARGETED_DEVICE_FAMILY = 4;
				WATCHOS_DEPLOYMENT_TARGET = 11.0;
			};
			name = Debug;
		};
		CEAD614A2E1C66680083F94D /* Release */ = {
			isa = XCBuildConfiguration;
			buildSettings = {
				ASSETCATALOG_COMPILER_APPICON_NAME = AppIcon;
				ASSETCATALOG_COMPILER_GLOBAL_ACCENT_COLOR_NAME = AccentColor;
				CODE_SIGN_ENTITLEMENTS = "RhythmHapticsWatch Watch App/RhythmHapticsWatch Watch App.entitlements";
				CODE_SIGN_STYLE = Automatic;
				CURRENT_PROJECT_VERSION = 1;
				DEVELOPMENT_ASSET_PATHS = "\"RhythmHapticsWatch Watch App/Preview Content\"";
				DEVELOPMENT_TEAM = 23275M22RH;
				ENABLE_PREVIEWS = YES;
				GENERATE_INFOPLIST_FILE = YES;
				INFOPLIST_KEY_CFBundleDisplayName = RhythmHapticsWatch;
				INFOPLIST_KEY_NSHealthShareUsageDescription = "This app uses HealthKit to read workout data to enable always-on display and haptics.";
				INFOPLIST_KEY_NSHealthUpdateUsageDescription = "This app uses HealthKit to keep the screen on and enable haptic feedback during your session.";
				INFOPLIST_KEY_UISupportedInterfaceOrientations = "UIInterfaceOrientationPortrait UIInterfaceOrientationPortraitUpsideDown";
				INFOPLIST_KEY_WKCompanionAppBundleIdentifier = "Nodus-Labs.RhythmHaptics";
				INFOPLIST_KEY_WKRunsIndependentlyOfCompanionApp = YES;
				LD_RUNPATH_SEARCH_PATHS = (
					"$(inherited)",
					"@executable_path/Frameworks",
				);
				MARKETING_VERSION = 1.0;
				PRODUCT_BUNDLE_IDENTIFIER = "Nodus-Labs.RhythmHaptics.watchkitapp";
				PRODUCT_NAME = "$(TARGET_NAME)";
				SDKROOT = watchos;
				SKIP_INSTALL = YES;
				SWIFT_EMIT_LOC_STRINGS = YES;
				SWIFT_VERSION = 5.0;
				TARGETED_DEVICE_FAMILY = 4;
				WATCHOS_DEPLOYMENT_TARGET = 11.0;
			};
			name = Release;
		};
/* End XCBuildConfiguration section */

/* Begin XCConfigurationList section */
		CEAD61202E1C66350083F94D /* Build configuration list for PBXProject "RhythmHaptics" */ = {
			isa = XCConfigurationList;
			buildConfigurations = (
				CEAD61312E1C66360083F94D /* Debug */,
				CEAD61322E1C66360083F94D /* Release */,
			);
			defaultConfigurationIsVisible = 0;
			defaultConfigurationName = Release;
		};
		CEAD61332E1C66360083F94D /* Build configuration list for PBXNativeTarget "RhythmHaptics" */ = {
			isa = XCConfigurationList;
			buildConfigurations = (
				CEAD61342E1C66360083F94D /* Debug */,
				CEAD61352E1C66360083F94D /* Release */,
			);
			defaultConfigurationIsVisible = 0;
			defaultConfigurationName = Release;
		};
		CEAD61482E1C66680083F94D /* Build configuration list for PBXNativeTarget "RhythmHapticsWatch Watch App" */ = {
			isa = XCConfigurationList;
			buildConfigurations = (
				CEAD61492E1C66680083F94D /* Debug */,
				CEAD614A2E1C66680083F94D /* Release */,
			);
			defaultConfigurationIsVisible = 0;
			defaultConfigurationName = Release;
		};
/* End XCConfigurationList section */
	};
	rootObject = CEAD611D2E1C66350083F94D /* Project object */;
}
